
Microsoft Visual Studio Solution File, Format Version 12.00
# Visual Studio Version 16
VisualStudioVersion = 16.0.28315.86
MinimumVisualStudioVersion = 10.0.40219.1
Project("{2150E333-8FDC-42A3-9474-1A3956D46DE8}") = "Engine", "Engine", "{B053A5E6-FC2A-4AFD-9A88-DD3F8C235BB6}"
EndProject
Project("{2150E333-8FDC-42A3-9474-1A3956D46DE8}") = "Games", "Games", "{2DAA18CD-F14A-4DC2-92AE-7D5D8CE9C819}"
EndProject
Project("{8BC9CEB8-8B4A-11D0-8D11-00A0C91BC942}") = "GetRekt", "Intermediate\ProjectFiles\GetRekt.vcxproj", "{11164C4A-4BC1-4972-A987-26AFF52AAB27}"
EndProject
Project("{8BC9CEB8-8B4A-11D0-8D11-00A0C91BC942}") = "UE4", "Intermediate\ProjectFiles\UE4.vcxproj", "{32C53B4D-40DC-4B3D-8CAE-102EB58F11FD}"
EndProject
Project("{2150E333-8FDC-42A3-9474-1A3956D46DE8}") = "Visualizers", "Visualizers", "{A4410E1B-A98B-474B-8005-900024E9F012}"
	ProjectSection(SolutionItems) = preProject
		..\Moteur\Unreal\UE_4.23\Engine\Extras\VisualStudioDebugging\UE4.natvis = ..\Moteur\Unreal\UE_4.23\Engine\Extras\VisualStudioDebugging\UE4.natvis
	EndProjectSection
EndProject
Global
	GlobalSection(SolutionConfigurationPlatforms) = preSolution
		DebugGame Editor|Win32 = DebugGame Editor|Win32
		DebugGame Editor|Win64 = DebugGame Editor|Win64
		DebugGame|Win32 = DebugGame|Win32
		DebugGame|Win64 = DebugGame|Win64
		Development Editor|Win32 = Development Editor|Win32
		Development Editor|Win64 = Development Editor|Win64
		Development|Win32 = Development|Win32
		Development|Win64 = Development|Win64
		Shipping|Win32 = Shipping|Win32
		Shipping|Win64 = Shipping|Win64
	EndGlobalSection
	GlobalSection(ProjectConfigurationPlatforms) = postSolution
		{11164C4A-4BC1-4972-A987-26AFF52AAB27}.DebugGame Editor|Win32.ActiveCfg = Invalid|Win32
		{11164C4A-4BC1-4972-A987-26AFF52AAB27}.DebugGame Editor|Win64.ActiveCfg = DebugGame_Editor|x64
		{11164C4A-4BC1-4972-A987-26AFF52AAB27}.DebugGame Editor|Win64.Build.0 = DebugGame_Editor|x64
		{11164C4A-4BC1-4972-A987-26AFF52AAB27}.DebugGame|Win32.ActiveCfg = DebugGame|Win32
		{11164C4A-4BC1-4972-A987-26AFF52AAB27}.DebugGame|Win32.Build.0 = DebugGame|Win32
		{11164C4A-4BC1-4972-A987-26AFF52AAB27}.DebugGame|Win64.ActiveCfg = DebugGame|x64
		{11164C4A-4BC1-4972-A987-26AFF52AAB27}.DebugGame|Win64.Build.0 = DebugGame|x64
		{11164C4A-4BC1-4972-A987-26AFF52AAB27}.Development Editor|Win32.ActiveCfg = Invalid|Win32
		{11164C4A-4BC1-4972-A987-26AFF52AAB27}.Development Editor|Win64.ActiveCfg = Development_Editor|x64
		{11164C4A-4BC1-4972-A987-26AFF52AAB27}.Development Editor|Win64.Build.0 = Development_Editor|x64
		{11164C4A-4BC1-4972-A987-26AFF52AAB27}.Development|Win32.ActiveCfg = Development|Win32
		{11164C4A-4BC1-4972-A987-26AFF52AAB27}.Development|Win32.Build.0 = Development|Win32
		{11164C4A-4BC1-4972-A987-26AFF52AAB27}.Development|Win64.ActiveCfg = Development|x64
		{11164C4A-4BC1-4972-A987-26AFF52AAB27}.Development|Win64.Build.0 = Development|x64
		{11164C4A-4BC1-4972-A987-26AFF52AAB27}.Shipping|Win32.ActiveCfg = Shipping|Win32
		{11164C4A-4BC1-4972-A987-26AFF52AAB27}.Shipping|Win32.Build.0 = Shipping|Win32
		{11164C4A-4BC1-4972-A987-26AFF52AAB27}.Shipping|Win64.ActiveCfg = Shipping|x64
		{11164C4A-4BC1-4972-A987-26AFF52AAB27}.Shipping|Win64.Build.0 = Shipping|x64
		{32C53B4D-40DC-4B3D-8CAE-102EB58F11FD}.DebugGame Editor|Win32.ActiveCfg = BuiltWithUnrealBuildTool|Win32
		{32C53B4D-40DC-4B3D-8CAE-102EB58F11FD}.DebugGame Editor|Win64.ActiveCfg = BuiltWithUnrealBuildTool|Win32
		{32C53B4D-40DC-4B3D-8CAE-102EB58F11FD}.DebugGame|Win32.ActiveCfg = BuiltWithUnrealBuildTool|Win32
		{32C53B4D-40DC-4B3D-8CAE-102EB58F11FD}.DebugGame|Win64.ActiveCfg = BuiltWithUnrealBuildTool|Win32
		{32C53B4D-40DC-4B3D-8CAE-102EB58F11FD}.Development Editor|Win32.ActiveCfg = BuiltWithUnrealBuildTool|Win32
		{32C53B4D-40DC-4B3D-8CAE-102EB58F11FD}.Development Editor|Win64.ActiveCfg = BuiltWithUnrealBuildTool|Win32
		{32C53B4D-40DC-4B3D-8CAE-102EB58F11FD}.Development|Win32.ActiveCfg = BuiltWithUnrealBuildTool|Win32
		{32C53B4D-40DC-4B3D-8CAE-102EB58F11FD}.Development|Win64.ActiveCfg = BuiltWithUnrealBuildTool|Win32
		{32C53B4D-40DC-4B3D-8CAE-102EB58F11FD}.Shipping|Win32.ActiveCfg = BuiltWithUnrealBuildTool|Win32
		{32C53B4D-40DC-4B3D-8CAE-102EB58F11FD}.Shipping|Win64.ActiveCfg = BuiltWithUnrealBuildTool|Win32
	EndGlobalSection
	GlobalSection(SolutionProperties) = preSolution
		HideSolutionNode = FALSE
	EndGlobalSection
	GlobalSection(NestedProjects) = preSolution
		{32C53B4D-40DC-4B3D-8CAE-102EB58F11FD} = {B053A5E6-FC2A-4AFD-9A88-DD3F8C235BB6}
		{11164C4A-4BC1-4972-A987-26AFF52AAB27} = {2DAA18CD-F14A-4DC2-92AE-7D5D8CE9C819}
	EndGlobalSection
EndGlobal
