
Microsoft Visual Studio Solution File, Format Version 12.00
# Visual Studio 15
VisualStudioVersion = 15.0.28307.852
MinimumVisualStudioVersion = 10.0.40219.1
Project("{2150E333-8FDC-42A3-9474-1A3956D46DE8}") = "Engine", "Engine", "{B053A5E6-FC2A-4AFD-9A88-DD3F8C235BB6}"
EndProject
Project("{2150E333-8FDC-42A3-9474-1A3956D46DE8}") = "Games", "Games", "{2DAA18CD-F14A-4DC2-92AE-7D5D8CE9C819}"
EndProject
Project("{8BC9CEB8-8B4A-11D0-8D11-00A0C91BC942}") = "GetRekt", "Intermediate\ProjectFiles\GetRekt.vcxproj", "{595798C5-02A7-4FD8-8110-BCBB0D4E52DD}"
EndProject
Project("{8BC9CEB8-8B4A-11D0-8D11-00A0C91BC942}") = "UE4", "Intermediate\ProjectFiles\UE4.vcxproj", "{0772670D-E18A-4720-BE4D-106D7AF84642}"
EndProject
Project("{2150E333-8FDC-42A3-9474-1A3956D46DE8}") = "Visualizers", "Visualizers", "{A4410E1B-A98B-474B-8005-900024E9F012}"
	ProjectSection(SolutionItems) = preProject
		..\Moteur\Unreal\UE_4.23\Engine\Extras\VisualStudioDebugging\UE4.natvis = ..\Moteur\Unreal\UE_4.23\Engine\Extras\VisualStudioDebugging\UE4.natvis
	EndProjectSection
EndProject
Global
	GlobalSection(SolutionConfigurationPlatforms) = preSolution
		DebugGame Editor|Win32 = DebugGame Editor|Win32
		DebugGame Editor|Win64 = DebugGame Editor|Win64
		DebugGame|Win32 = DebugGame|Win32
		DebugGame|Win64 = DebugGame|Win64
		Development Editor|Win32 = Development Editor|Win32
		Development Editor|Win64 = Development Editor|Win64
		Development|Win32 = Development|Win32
		Development|Win64 = Development|Win64
		Shipping|Win32 = Shipping|Win32
		Shipping|Win64 = Shipping|Win64
	EndGlobalSection
	GlobalSection(ProjectConfigurationPlatforms) = postSolution
		{595798C5-02A7-4FD8-8110-BCBB0D4E52DD}.DebugGame Editor|Win32.ActiveCfg = Invalid|Win32
		{595798C5-02A7-4FD8-8110-BCBB0D4E52DD}.DebugGame Editor|Win64.ActiveCfg = DebugGame_Editor|x64
		{595798C5-02A7-4FD8-8110-BCBB0D4E52DD}.DebugGame Editor|Win64.Build.0 = DebugGame_Editor|x64
		{595798C5-02A7-4FD8-8110-BCBB0D4E52DD}.DebugGame|Win32.ActiveCfg = DebugGame|Win32
		{595798C5-02A7-4FD8-8110-BCBB0D4E52DD}.DebugGame|Win32.Build.0 = DebugGame|Win32
		{595798C5-02A7-4FD8-8110-BCBB0D4E52DD}.DebugGame|Win64.ActiveCfg = DebugGame|x64
		{595798C5-02A7-4FD8-8110-BCBB0D4E52DD}.DebugGame|Win64.Build.0 = DebugGame|x64
		{595798C5-02A7-4FD8-8110-BCBB0D4E52DD}.Development Editor|Win32.ActiveCfg = Invalid|Win32
		{595798C5-02A7-4FD8-8110-BCBB0D4E52DD}.Development Editor|Win64.ActiveCfg = Development_Editor|x64
		{595798C5-02A7-4FD8-8110-BCBB0D4E52DD}.Development Editor|Win64.Build.0 = Development_Editor|x64
		{595798C5-02A7-4FD8-8110-BCBB0D4E52DD}.Development|Win32.ActiveCfg = Development|Win32
		{595798C5-02A7-4FD8-8110-BCBB0D4E52DD}.Development|Win32.Build.0 = Development|Win32
		{595798C5-02A7-4FD8-8110-BCBB0D4E52DD}.Development|Win64.ActiveCfg = Development|x64
		{595798C5-02A7-4FD8-8110-BCBB0D4E52DD}.Development|Win64.Build.0 = Development|x64
		{595798C5-02A7-4FD8-8110-BCBB0D4E52DD}.Shipping|Win32.ActiveCfg = Shipping|Win32
		{595798C5-02A7-4FD8-8110-BCBB0D4E52DD}.Shipping|Win32.Build.0 = Shipping|Win32
		{595798C5-02A7-4FD8-8110-BCBB0D4E52DD}.Shipping|Win64.ActiveCfg = Shipping|x64
		{595798C5-02A7-4FD8-8110-BCBB0D4E52DD}.Shipping|Win64.Build.0 = Shipping|x64
		{0772670D-E18A-4720-BE4D-106D7AF84642}.DebugGame Editor|Win32.ActiveCfg = BuiltWithUnrealBuildTool|Win32
		{0772670D-E18A-4720-BE4D-106D7AF84642}.DebugGame Editor|Win64.ActiveCfg = BuiltWithUnrealBuildTool|Win32
		{0772670D-E18A-4720-BE4D-106D7AF84642}.DebugGame|Win32.ActiveCfg = BuiltWithUnrealBuildTool|Win32
		{0772670D-E18A-4720-BE4D-106D7AF84642}.DebugGame|Win64.ActiveCfg = BuiltWithUnrealBuildTool|Win32
		{0772670D-E18A-4720-BE4D-106D7AF84642}.Development Editor|Win32.ActiveCfg = BuiltWithUnrealBuildTool|Win32
		{0772670D-E18A-4720-BE4D-106D7AF84642}.Development Editor|Win64.ActiveCfg = BuiltWithUnrealBuildTool|Win32
		{0772670D-E18A-4720-BE4D-106D7AF84642}.Development|Win32.ActiveCfg = BuiltWithUnrealBuildTool|Win32
		{0772670D-E18A-4720-BE4D-106D7AF84642}.Development|Win64.ActiveCfg = BuiltWithUnrealBuildTool|Win32
		{0772670D-E18A-4720-BE4D-106D7AF84642}.Shipping|Win32.ActiveCfg = BuiltWithUnrealBuildTool|Win32
		{0772670D-E18A-4720-BE4D-106D7AF84642}.Shipping|Win64.ActiveCfg = BuiltWithUnrealBuildTool|Win32
	EndGlobalSection
	GlobalSection(SolutionProperties) = preSolution
		HideSolutionNode = FALSE
	EndGlobalSection
	GlobalSection(NestedProjects) = preSolution
		{595798C5-02A7-4FD8-8110-BCBB0D4E52DD} = {2DAA18CD-F14A-4DC2-92AE-7D5D8CE9C819}
		{0772670D-E18A-4720-BE4D-106D7AF84642} = {B053A5E6-FC2A-4AFD-9A88-DD3F8C235BB6}
	EndGlobalSection
	GlobalSection(ExtensibilityGlobals) = postSolution
		SolutionGuid = {BA6CC720-73C1-44A5-B67F-1FBACF6DF849}
	EndGlobalSection
EndGlobal
